
Microsoft Visual Studio Solution File, Format Version 12.00
# Visual Studio Version 17
VisualStudioVersion = 17.6.33815.320
MinimumVisualStudioVersion = 10.0.40219.1
Project("{9A19103F-16F7-4668-BE54-9A1E7A4F7556}") = "week1.Plus_Minus", "HackerRankSolutions\week1.Plus_Minus.csproj", "{5F3B7B91-8F58-4EB8-AB7E-578E5C4623C4}"
EndProject
Project("{2150E333-8FDC-42A3-9474-1A3956D46DE8}") = "week-one", "week-one", "{B62EBCF0-F3EE-49C4-BD1A-B03ABA9B6814}"
EndProject
Project("{9A19103F-16F7-4668-BE54-9A1E7A4F7556}") = "week1.Mini-Max Sum", "HackerRankSolutions.Mini-Max Sum\week1.Mini-Max Sum.csproj", "{CE9B3772-9DB0-4271-9B6B-1BA88D704078}"
EndProject
Project("{9A19103F-16F7-4668-BE54-9A1E7A4F7556}") = "week1.Time Conversion", "HackerRankSolutions.Time Conversion\week1.Time Conversion.csproj", "{A91BE502-DA2D-4B17-9E97-3519795F818F}"
EndProject
Project("{9A19103F-16F7-4668-BE54-9A1E7A4F7556}") = "week1.BreakingtheRecords", "HackerRankSolutions.Breaking the Records\week1.BreakingtheRecords.csproj", "{FC0C7E02-7616-444A-87B3-F247944FE927}"
EndProject
Project("{9A19103F-16F7-4668-BE54-9A1E7A4F7556}") = "week1.CamelCase4", "HackerRankSolutions.CamelCase4\week1.CamelCase4.csproj", "{00842AFD-487F-41A8-BC54-879C65A3EE75}"
EndProject
Project("{9A19103F-16F7-4668-BE54-9A1E7A4F7556}") = "week1.DivisibleSumPairs", "HackerRankSolutions.DivisibleSumPairs\week1.DivisibleSumPairs.csproj", "{29308B1A-087C-41C5-80B7-A20590388399}"
EndProject
Project("{9A19103F-16F7-4668-BE54-9A1E7A4F7556}") = "week1.SparseArrays", "HackerRankSolutions.SparseArrays\week1.SparseArrays.csproj", "{8AD4B57B-84AE-427F-A32A-A15AA857E152}"
EndProject
Project("{2150E333-8FDC-42A3-9474-1A3956D46DE8}") = "week-two", "week-two", "{73C4EA67-F800-452F-A783-2D239EE5A9CD}"
EndProject
Project("{9A19103F-16F7-4668-BE54-9A1E7A4F7556}") = "Week2.LonelyInteger", "Week2.Lonely Integer\Week2.LonelyInteger.csproj", "{576AFED1-C3FC-4EFB-8E6B-2C7768FA0ABF}"
EndProject
Project("{9A19103F-16F7-4668-BE54-9A1E7A4F7556}") = "Week2.GradingStudents", "Week2.GradingStudents\Week2.GradingStudents.csproj", "{ACF24BDB-F4C2-4765-BE7F-87AB4E5DEDF4}"
EndProject
Project("{9A19103F-16F7-4668-BE54-9A1E7A4F7556}") = "Week2.Flippingbits", "Week2.Flippingbits\Week2.Flippingbits.csproj", "{2433E9D8-D406-434C-8B5C-67B9966CA20C}"
EndProject
Project("{9A19103F-16F7-4668-BE54-9A1E7A4F7556}") = "Week2.DiagonalDifference", "Week2.DiagonalDifference\Week2.DiagonalDifference.csproj", "{856041A5-4CB4-4F28-A15C-CD1557162BFA}"
EndProject
Project("{9A19103F-16F7-4668-BE54-9A1E7A4F7556}") = "Week2.CountingSort1", "Week2.CountingSort1\Week2.CountingSort1.csproj", "{C10502A6-0009-4983-9F5D-FDC0AF6F0F17}"
EndProject
Project("{9A19103F-16F7-4668-BE54-9A1E7A4F7556}") = "Week2.CountingValleys", "Week2.CountingValleys\Week2.CountingValleys.csproj", "{4EDAB4E1-B935-4CD0-ADCF-5AC7394CA322}"
EndProject
Project("{9A19103F-16F7-4668-BE54-9A1E7A4F7556}") = "Week2.Pangrams", "Week2.Pangrams\Week2.Pangrams.csproj", "{15759237-B5E6-4043-9321-4312CD329C7F}"
EndProject
Project("{9A19103F-16F7-4668-BE54-9A1E7A4F7556}") = "Week2.MarsExploration", "Week2.MarsExploration\Week2.MarsExploration.csproj", "{4675BAF7-6E1E-48FA-9031-5969DDF6561B}"
EndProject
Project("{2150E333-8FDC-42A3-9474-1A3956D46DE8}") = "week-three", "week-three", "{83BE84FB-93C7-447C-95C7-7A1FE4D85456}"
EndProject
Project("{9A19103F-16F7-4668-BE54-9A1E7A4F7556}") = "Week3.PermutingTwoArrays", "Week3.PermutingTwoArrays\Week3.PermutingTwoArrays.csproj", "{E8C1054B-03FC-435E-A752-4B971CD2E8F8}"
EndProject
Project("{9A19103F-16F7-4668-BE54-9A1E7A4F7556}") = "Week3.SubarrayDivision2", "Week3.SubarrayDivision2\Week3.SubarrayDivision2.csproj", "{E0876630-FC19-4FE5-A1A2-0ED168F0B046}"
EndProject
Project("{9A19103F-16F7-4668-BE54-9A1E7A4F7556}") = "Week3.XORStrings3", "Week3.XORStrings3\Week3.XORStrings3.csproj", "{DB14C988-5052-43C4-A701-5D97EEDAE586}"
EndProject
Project("{9A19103F-16F7-4668-BE54-9A1E7A4F7556}") = "Week3.SalesbyMatch", "Week3.SalesbyMatch\Week3.SalesbyMatch.csproj", "{3CF59E7F-9CCC-44C3-9393-62BC48528E15}"
EndProject
Project("{9A19103F-16F7-4668-BE54-9A1E7A4F7556}") = "Week3.MigratoryBirds", "Week3.MigratoryBirds\Week3.MigratoryBirds.csproj", "{8C5E7097-C232-4E1D-9CA0-95CCB84E70F6}"
EndProject
Project("{9A19103F-16F7-4668-BE54-9A1E7A4F7556}") = "Week3.Maximum _Perimeter_Triangle", "Week3.Maximum _Perimeter_Triangle\Week3.Maximum _Perimeter_Triangle.csproj", "{08CE43CA-6235-4441-B229-792D67ED0917}"
EndProject
Project("{9A19103F-16F7-4668-BE54-9A1E7A4F7556}") = "Week3.Zig_Zag_Sequence", "Week3.Zig_Zag_Sequence\Week3.Zig_Zag_Sequence.csproj", "{80C25E52-943C-4145-A658-0890FAD50E9A}"
EndProject
Project("{9A19103F-16F7-4668-BE54-9A1E7A4F7556}") = "Week3.Drawing_Book", "Week3.Drawing_Book\Week3.Drawing_Book.csproj", "{FC455FE8-9954-4D52-9907-A6CC6D5F77F9}"
EndProject
Project("{2150E333-8FDC-42A3-9474-1A3956D46DE8}") = "week-four", "week-four", "{3483910B-E5ED-448E-B7F3-3DE7C8EC4292}"
EndProject
Project("{9A19103F-16F7-4668-BE54-9A1E7A4F7556}") = "Week4.Picking_Numbers", "Week4.Picking_Numbers\Week4.Picking_Numbers.csproj", "{49389B95-2CA3-431D-BE87-00E517B0042C}"
EndProject
Project("{9A19103F-16F7-4668-BE54-9A1E7A4F7556}") = "Week4.Left_Rotation", "Week4.Left_Rotation\Week4.Left_Rotation.csproj", "{6CA3FD3D-659F-4A2F-8DE1-B791C790F66D}"
EndProject
Project("{9A19103F-16F7-4668-BE54-9A1E7A4F7556}") = "Week4.Number_Line_Jumps", "Week4.Number_Line_Jumps\Week4.Number_Line_Jumps.csproj", "{2E633873-501B-44A7-8E29-348B3282EF50}"
EndProject
Project("{9A19103F-16F7-4668-BE54-9A1E7A4F7556}") = "Week4.Separate_the_Numbers", "Week4.Separate_the_Numbers\Week4.Separate_the_Numbers.csproj", "{03A93E01-74E3-45D4-AC14-0B9A15BB76C7}"
EndProject
Project("{9A19103F-16F7-4668-BE54-9A1E7A4F7556}") = "Week4.Closest_Numbers", "Week4.Closest_Numbers\Week4.Closest_Numbers.csproj", "{B551A934-7F8E-4C2B-9CFC-CAF04C97F521}"
EndProject
Project("{9A19103F-16F7-4668-BE54-9A1E7A4F7556}") = "Week4.Tower_Breakers", "Week4.Tower_Breakers\Week4.Tower_Breakers.csproj", "{3E9F26C6-D8C3-4022-9B83-12B09F186D0A}"
EndProject
Project("{9A19103F-16F7-4668-BE54-9A1E7A4F7556}") = "Week4.Minimum_Absolute_Difference _in_an_Array", "Week4.Minimum_Absolute_Difference _in_an_Array\Week4.Minimum_Absolute_Difference _in_an_Array.csproj", "{C6FB092D-2251-4C22-9433-B5FB718CC675}"
EndProject
Project("{9A19103F-16F7-4668-BE54-9A1E7A4F7556}") = "Week4.Caesar_Cipher", "Week4.Caesar_Cipher\Week4.Caesar_Cipher.csproj", "{9B13B308-1FA1-406C-A5DD-E0E254E96681}"
EndProject
Project("{9A19103F-16F7-4668-BE54-9A1E7A4F7556}") = "Week5.Max_Min", "Week4.Max_Min\Week5.Max_Min.csproj", "{634B6229-7C68-4A7A-BD73-88F008E3D7BF}"
EndProject
Project("{9A19103F-16F7-4668-BE54-9A1E7A4F7556}") = "Week5.Strong_Password", "Week4.Strong_Password\Week5.Strong_Password.csproj", "{074E84D5-73CA-4D78-A704-0AA8661AC668}"
EndProject
Project("{2150E333-8FDC-42A3-9474-1A3956D46DE8}") = "week-five", "week-five", "{C5F0CC48-F750-422F-8545-6FB3EEF4ACEF}"
EndProject
Project("{9A19103F-16F7-4668-BE54-9A1E7A4F7556}") = "Week5.Dynamic_Array", "Week5.Dynamic_Array\Week5.Dynamic_Array.csproj", "{EEA775B7-42A5-4D13-B63C-57EDB6F8FB0F}"
EndProject
Project("{9A19103F-16F7-4668-BE54-9A1E7A4F7556}") = "Missing_Numbers", "Missing_Numbers\Missing_Numbers.csproj", "{550B696A-1355-4B38-BFA3-5AC29E659088}"
EndProject
Project("{FAE04EC0-301F-11D3-BF4B-00C04F79EFBC}") = "The_Full_Counting_Sort", "The_Full_Counting_Sort\The_Full_Counting_Sort.csproj", "{9F47225D-4A91-43B0-A36C-77E6FCA26872}"
EndProject
Global
	GlobalSection(SolutionConfigurationPlatforms) = preSolution
		Debug|Any CPU = Debug|Any CPU
		Release|Any CPU = Release|Any CPU
	EndGlobalSection
	GlobalSection(ProjectConfigurationPlatforms) = postSolution
		{5F3B7B91-8F58-4EB8-AB7E-578E5C4623C4}.Debug|Any CPU.ActiveCfg = Debug|Any CPU
		{5F3B7B91-8F58-4EB8-AB7E-578E5C4623C4}.Debug|Any CPU.Build.0 = Debug|Any CPU
		{5F3B7B91-8F58-4EB8-AB7E-578E5C4623C4}.Release|Any CPU.ActiveCfg = Release|Any CPU
		{5F3B7B91-8F58-4EB8-AB7E-578E5C4623C4}.Release|Any CPU.Build.0 = Release|Any CPU
		{CE9B3772-9DB0-4271-9B6B-1BA88D704078}.Debug|Any CPU.ActiveCfg = Debug|Any CPU
		{CE9B3772-9DB0-4271-9B6B-1BA88D704078}.Debug|Any CPU.Build.0 = Debug|Any CPU
		{CE9B3772-9DB0-4271-9B6B-1BA88D704078}.Release|Any CPU.ActiveCfg = Release|Any CPU
		{CE9B3772-9DB0-4271-9B6B-1BA88D704078}.Release|Any CPU.Build.0 = Release|Any CPU
		{A91BE502-DA2D-4B17-9E97-3519795F818F}.Debug|Any CPU.ActiveCfg = Debug|Any CPU
		{A91BE502-DA2D-4B17-9E97-3519795F818F}.Debug|Any CPU.Build.0 = Debug|Any CPU
		{A91BE502-DA2D-4B17-9E97-3519795F818F}.Release|Any CPU.ActiveCfg = Release|Any CPU
		{A91BE502-DA2D-4B17-9E97-3519795F818F}.Release|Any CPU.Build.0 = Release|Any CPU
		{FC0C7E02-7616-444A-87B3-F247944FE927}.Debug|Any CPU.ActiveCfg = Debug|Any CPU
		{FC0C7E02-7616-444A-87B3-F247944FE927}.Debug|Any CPU.Build.0 = Debug|Any CPU
		{FC0C7E02-7616-444A-87B3-F247944FE927}.Release|Any CPU.ActiveCfg = Release|Any CPU
		{FC0C7E02-7616-444A-87B3-F247944FE927}.Release|Any CPU.Build.0 = Release|Any CPU
		{00842AFD-487F-41A8-BC54-879C65A3EE75}.Debug|Any CPU.ActiveCfg = Debug|Any CPU
		{00842AFD-487F-41A8-BC54-879C65A3EE75}.Debug|Any CPU.Build.0 = Debug|Any CPU
		{00842AFD-487F-41A8-BC54-879C65A3EE75}.Release|Any CPU.ActiveCfg = Release|Any CPU
		{00842AFD-487F-41A8-BC54-879C65A3EE75}.Release|Any CPU.Build.0 = Release|Any CPU
		{29308B1A-087C-41C5-80B7-A20590388399}.Debug|Any CPU.ActiveCfg = Debug|Any CPU
		{29308B1A-087C-41C5-80B7-A20590388399}.Debug|Any CPU.Build.0 = Debug|Any CPU
		{29308B1A-087C-41C5-80B7-A20590388399}.Release|Any CPU.ActiveCfg = Release|Any CPU
		{29308B1A-087C-41C5-80B7-A20590388399}.Release|Any CPU.Build.0 = Release|Any CPU
		{8AD4B57B-84AE-427F-A32A-A15AA857E152}.Debug|Any CPU.ActiveCfg = Debug|Any CPU
		{8AD4B57B-84AE-427F-A32A-A15AA857E152}.Debug|Any CPU.Build.0 = Debug|Any CPU
		{8AD4B57B-84AE-427F-A32A-A15AA857E152}.Release|Any CPU.ActiveCfg = Release|Any CPU
		{8AD4B57B-84AE-427F-A32A-A15AA857E152}.Release|Any CPU.Build.0 = Release|Any CPU
		{576AFED1-C3FC-4EFB-8E6B-2C7768FA0ABF}.Debug|Any CPU.ActiveCfg = Debug|Any CPU
		{576AFED1-C3FC-4EFB-8E6B-2C7768FA0ABF}.Debug|Any CPU.Build.0 = Debug|Any CPU
		{576AFED1-C3FC-4EFB-8E6B-2C7768FA0ABF}.Release|Any CPU.ActiveCfg = Release|Any CPU
		{576AFED1-C3FC-4EFB-8E6B-2C7768FA0ABF}.Release|Any CPU.Build.0 = Release|Any CPU
		{ACF24BDB-F4C2-4765-BE7F-87AB4E5DEDF4}.Debug|Any CPU.ActiveCfg = Debug|Any CPU
		{ACF24BDB-F4C2-4765-BE7F-87AB4E5DEDF4}.Debug|Any CPU.Build.0 = Debug|Any CPU
		{ACF24BDB-F4C2-4765-BE7F-87AB4E5DEDF4}.Release|Any CPU.ActiveCfg = Release|Any CPU
		{ACF24BDB-F4C2-4765-BE7F-87AB4E5DEDF4}.Release|Any CPU.Build.0 = Release|Any CPU
		{2433E9D8-D406-434C-8B5C-67B9966CA20C}.Debug|Any CPU.ActiveCfg = Debug|Any CPU
		{2433E9D8-D406-434C-8B5C-67B9966CA20C}.Debug|Any CPU.Build.0 = Debug|Any CPU
		{2433E9D8-D406-434C-8B5C-67B9966CA20C}.Release|Any CPU.ActiveCfg = Release|Any CPU
		{2433E9D8-D406-434C-8B5C-67B9966CA20C}.Release|Any CPU.Build.0 = Release|Any CPU
		{856041A5-4CB4-4F28-A15C-CD1557162BFA}.Debug|Any CPU.ActiveCfg = Debug|Any CPU
		{856041A5-4CB4-4F28-A15C-CD1557162BFA}.Debug|Any CPU.Build.0 = Debug|Any CPU
		{856041A5-4CB4-4F28-A15C-CD1557162BFA}.Release|Any CPU.ActiveCfg = Release|Any CPU
		{856041A5-4CB4-4F28-A15C-CD1557162BFA}.Release|Any CPU.Build.0 = Release|Any CPU
		{C10502A6-0009-4983-9F5D-FDC0AF6F0F17}.Debug|Any CPU.ActiveCfg = Debug|Any CPU
		{C10502A6-0009-4983-9F5D-FDC0AF6F0F17}.Debug|Any CPU.Build.0 = Debug|Any CPU
		{C10502A6-0009-4983-9F5D-FDC0AF6F0F17}.Release|Any CPU.ActiveCfg = Release|Any CPU
		{C10502A6-0009-4983-9F5D-FDC0AF6F0F17}.Release|Any CPU.Build.0 = Release|Any CPU
		{4EDAB4E1-B935-4CD0-ADCF-5AC7394CA322}.Debug|Any CPU.ActiveCfg = Debug|Any CPU
		{4EDAB4E1-B935-4CD0-ADCF-5AC7394CA322}.Debug|Any CPU.Build.0 = Debug|Any CPU
		{4EDAB4E1-B935-4CD0-ADCF-5AC7394CA322}.Release|Any CPU.ActiveCfg = Release|Any CPU
		{4EDAB4E1-B935-4CD0-ADCF-5AC7394CA322}.Release|Any CPU.Build.0 = Release|Any CPU
		{15759237-B5E6-4043-9321-4312CD329C7F}.Debug|Any CPU.ActiveCfg = Debug|Any CPU
		{15759237-B5E6-4043-9321-4312CD329C7F}.Debug|Any CPU.Build.0 = Debug|Any CPU
		{15759237-B5E6-4043-9321-4312CD329C7F}.Release|Any CPU.ActiveCfg = Release|Any CPU
		{15759237-B5E6-4043-9321-4312CD329C7F}.Release|Any CPU.Build.0 = Release|Any CPU
		{4675BAF7-6E1E-48FA-9031-5969DDF6561B}.Debug|Any CPU.ActiveCfg = Debug|Any CPU
		{4675BAF7-6E1E-48FA-9031-5969DDF6561B}.Debug|Any CPU.Build.0 = Debug|Any CPU
		{4675BAF7-6E1E-48FA-9031-5969DDF6561B}.Release|Any CPU.ActiveCfg = Release|Any CPU
		{4675BAF7-6E1E-48FA-9031-5969DDF6561B}.Release|Any CPU.Build.0 = Release|Any CPU
		{E8C1054B-03FC-435E-A752-4B971CD2E8F8}.Debug|Any CPU.ActiveCfg = Debug|Any CPU
		{E8C1054B-03FC-435E-A752-4B971CD2E8F8}.Debug|Any CPU.Build.0 = Debug|Any CPU
		{E8C1054B-03FC-435E-A752-4B971CD2E8F8}.Release|Any CPU.ActiveCfg = Release|Any CPU
		{E8C1054B-03FC-435E-A752-4B971CD2E8F8}.Release|Any CPU.Build.0 = Release|Any CPU
		{E0876630-FC19-4FE5-A1A2-0ED168F0B046}.Debug|Any CPU.ActiveCfg = Debug|Any CPU
		{E0876630-FC19-4FE5-A1A2-0ED168F0B046}.Debug|Any CPU.Build.0 = Debug|Any CPU
		{E0876630-FC19-4FE5-A1A2-0ED168F0B046}.Release|Any CPU.ActiveCfg = Release|Any CPU
		{E0876630-FC19-4FE5-A1A2-0ED168F0B046}.Release|Any CPU.Build.0 = Release|Any CPU
		{DB14C988-5052-43C4-A701-5D97EEDAE586}.Debug|Any CPU.ActiveCfg = Debug|Any CPU
		{DB14C988-5052-43C4-A701-5D97EEDAE586}.Debug|Any CPU.Build.0 = Debug|Any CPU
		{DB14C988-5052-43C4-A701-5D97EEDAE586}.Release|Any CPU.ActiveCfg = Release|Any CPU
		{DB14C988-5052-43C4-A701-5D97EEDAE586}.Release|Any CPU.Build.0 = Release|Any CPU
		{3CF59E7F-9CCC-44C3-9393-62BC48528E15}.Debug|Any CPU.ActiveCfg = Debug|Any CPU
		{3CF59E7F-9CCC-44C3-9393-62BC48528E15}.Debug|Any CPU.Build.0 = Debug|Any CPU
		{3CF59E7F-9CCC-44C3-9393-62BC48528E15}.Release|Any CPU.ActiveCfg = Release|Any CPU
		{3CF59E7F-9CCC-44C3-9393-62BC48528E15}.Release|Any CPU.Build.0 = Release|Any CPU
		{8C5E7097-C232-4E1D-9CA0-95CCB84E70F6}.Debug|Any CPU.ActiveCfg = Debug|Any CPU
		{8C5E7097-C232-4E1D-9CA0-95CCB84E70F6}.Debug|Any CPU.Build.0 = Debug|Any CPU
		{8C5E7097-C232-4E1D-9CA0-95CCB84E70F6}.Release|Any CPU.ActiveCfg = Release|Any CPU
		{8C5E7097-C232-4E1D-9CA0-95CCB84E70F6}.Release|Any CPU.Build.0 = Release|Any CPU
		{08CE43CA-6235-4441-B229-792D67ED0917}.Debug|Any CPU.ActiveCfg = Debug|Any CPU
		{08CE43CA-6235-4441-B229-792D67ED0917}.Debug|Any CPU.Build.0 = Debug|Any CPU
		{08CE43CA-6235-4441-B229-792D67ED0917}.Release|Any CPU.ActiveCfg = Release|Any CPU
		{08CE43CA-6235-4441-B229-792D67ED0917}.Release|Any CPU.Build.0 = Release|Any CPU
		{80C25E52-943C-4145-A658-0890FAD50E9A}.Debug|Any CPU.ActiveCfg = Debug|Any CPU
		{80C25E52-943C-4145-A658-0890FAD50E9A}.Debug|Any CPU.Build.0 = Debug|Any CPU
		{80C25E52-943C-4145-A658-0890FAD50E9A}.Release|Any CPU.ActiveCfg = Release|Any CPU
		{80C25E52-943C-4145-A658-0890FAD50E9A}.Release|Any CPU.Build.0 = Release|Any CPU
		{FC455FE8-9954-4D52-9907-A6CC6D5F77F9}.Debug|Any CPU.ActiveCfg = Debug|Any CPU
		{FC455FE8-9954-4D52-9907-A6CC6D5F77F9}.Debug|Any CPU.Build.0 = Debug|Any CPU
		{FC455FE8-9954-4D52-9907-A6CC6D5F77F9}.Release|Any CPU.ActiveCfg = Release|Any CPU
		{FC455FE8-9954-4D52-9907-A6CC6D5F77F9}.Release|Any CPU.Build.0 = Release|Any CPU
		{49389B95-2CA3-431D-BE87-00E517B0042C}.Debug|Any CPU.ActiveCfg = Debug|Any CPU
		{49389B95-2CA3-431D-BE87-00E517B0042C}.Debug|Any CPU.Build.0 = Debug|Any CPU
		{49389B95-2CA3-431D-BE87-00E517B0042C}.Release|Any CPU.ActiveCfg = Release|Any CPU
		{49389B95-2CA3-431D-BE87-00E517B0042C}.Release|Any CPU.Build.0 = Release|Any CPU
		{6CA3FD3D-659F-4A2F-8DE1-B791C790F66D}.Debug|Any CPU.ActiveCfg = Debug|Any CPU
		{6CA3FD3D-659F-4A2F-8DE1-B791C790F66D}.Debug|Any CPU.Build.0 = Debug|Any CPU
		{6CA3FD3D-659F-4A2F-8DE1-B791C790F66D}.Release|Any CPU.ActiveCfg = Release|Any CPU
		{6CA3FD3D-659F-4A2F-8DE1-B791C790F66D}.Release|Any CPU.Build.0 = Release|Any CPU
		{2E633873-501B-44A7-8E29-348B3282EF50}.Debug|Any CPU.ActiveCfg = Debug|Any CPU
		{2E633873-501B-44A7-8E29-348B3282EF50}.Debug|Any CPU.Build.0 = Debug|Any CPU
		{2E633873-501B-44A7-8E29-348B3282EF50}.Release|Any CPU.ActiveCfg = Release|Any CPU
		{2E633873-501B-44A7-8E29-348B3282EF50}.Release|Any CPU.Build.0 = Release|Any CPU
		{03A93E01-74E3-45D4-AC14-0B9A15BB76C7}.Debug|Any CPU.ActiveCfg = Debug|Any CPU
		{03A93E01-74E3-45D4-AC14-0B9A15BB76C7}.Debug|Any CPU.Build.0 = Debug|Any CPU
		{03A93E01-74E3-45D4-AC14-0B9A15BB76C7}.Release|Any CPU.ActiveCfg = Release|Any CPU
		{03A93E01-74E3-45D4-AC14-0B9A15BB76C7}.Release|Any CPU.Build.0 = Release|Any CPU
		{B551A934-7F8E-4C2B-9CFC-CAF04C97F521}.Debug|Any CPU.ActiveCfg = Debug|Any CPU
		{B551A934-7F8E-4C2B-9CFC-CAF04C97F521}.Debug|Any CPU.Build.0 = Debug|Any CPU
		{B551A934-7F8E-4C2B-9CFC-CAF04C97F521}.Release|Any CPU.ActiveCfg = Release|Any CPU
		{B551A934-7F8E-4C2B-9CFC-CAF04C97F521}.Release|Any CPU.Build.0 = Release|Any CPU
		{3E9F26C6-D8C3-4022-9B83-12B09F186D0A}.Debug|Any CPU.ActiveCfg = Debug|Any CPU
		{3E9F26C6-D8C3-4022-9B83-12B09F186D0A}.Debug|Any CPU.Build.0 = Debug|Any CPU
		{3E9F26C6-D8C3-4022-9B83-12B09F186D0A}.Release|Any CPU.ActiveCfg = Release|Any CPU
		{3E9F26C6-D8C3-4022-9B83-12B09F186D0A}.Release|Any CPU.Build.0 = Release|Any CPU
		{C6FB092D-2251-4C22-9433-B5FB718CC675}.Debug|Any CPU.ActiveCfg = Debug|Any CPU
		{C6FB092D-2251-4C22-9433-B5FB718CC675}.Debug|Any CPU.Build.0 = Debug|Any CPU
		{C6FB092D-2251-4C22-9433-B5FB718CC675}.Release|Any CPU.ActiveCfg = Release|Any CPU
		{C6FB092D-2251-4C22-9433-B5FB718CC675}.Release|Any CPU.Build.0 = Release|Any CPU
		{9B13B308-1FA1-406C-A5DD-E0E254E96681}.Debug|Any CPU.ActiveCfg = Debug|Any CPU
		{9B13B308-1FA1-406C-A5DD-E0E254E96681}.Debug|Any CPU.Build.0 = Debug|Any CPU
		{9B13B308-1FA1-406C-A5DD-E0E254E96681}.Release|Any CPU.ActiveCfg = Release|Any CPU
		{9B13B308-1FA1-406C-A5DD-E0E254E96681}.Release|Any CPU.Build.0 = Release|Any CPU
		{634B6229-7C68-4A7A-BD73-88F008E3D7BF}.Debug|Any CPU.ActiveCfg = Debug|Any CPU
		{634B6229-7C68-4A7A-BD73-88F008E3D7BF}.Debug|Any CPU.Build.0 = Debug|Any CPU
		{634B6229-7C68-4A7A-BD73-88F008E3D7BF}.Release|Any CPU.ActiveCfg = Release|Any CPU
		{634B6229-7C68-4A7A-BD73-88F008E3D7BF}.Release|Any CPU.Build.0 = Release|Any CPU
		{074E84D5-73CA-4D78-A704-0AA8661AC668}.Debug|Any CPU.ActiveCfg = Debug|Any CPU
		{074E84D5-73CA-4D78-A704-0AA8661AC668}.Debug|Any CPU.Build.0 = Debug|Any CPU
		{074E84D5-73CA-4D78-A704-0AA8661AC668}.Release|Any CPU.ActiveCfg = Release|Any CPU
		{074E84D5-73CA-4D78-A704-0AA8661AC668}.Release|Any CPU.Build.0 = Release|Any CPU
		{EEA775B7-42A5-4D13-B63C-57EDB6F8FB0F}.Debug|Any CPU.ActiveCfg = Debug|Any CPU
		{EEA775B7-42A5-4D13-B63C-57EDB6F8FB0F}.Debug|Any CPU.Build.0 = Debug|Any CPU
		{EEA775B7-42A5-4D13-B63C-57EDB6F8FB0F}.Release|Any CPU.ActiveCfg = Release|Any CPU
		{EEA775B7-42A5-4D13-B63C-57EDB6F8FB0F}.Release|Any CPU.Build.0 = Release|Any CPU
		{550B696A-1355-4B38-BFA3-5AC29E659088}.Debug|Any CPU.ActiveCfg = Debug|Any CPU
		{550B696A-1355-4B38-BFA3-5AC29E659088}.Debug|Any CPU.Build.0 = Debug|Any CPU
		{550B696A-1355-4B38-BFA3-5AC29E659088}.Release|Any CPU.ActiveCfg = Release|Any CPU
		{550B696A-1355-4B38-BFA3-5AC29E659088}.Release|Any CPU.Build.0 = Release|Any CPU
		{9F47225D-4A91-43B0-A36C-77E6FCA26872}.Debug|Any CPU.ActiveCfg = Debug|Any CPU
		{9F47225D-4A91-43B0-A36C-77E6FCA26872}.Debug|Any CPU.Build.0 = Debug|Any CPU
		{9F47225D-4A91-43B0-A36C-77E6FCA26872}.Release|Any CPU.ActiveCfg = Release|Any CPU
		{9F47225D-4A91-43B0-A36C-77E6FCA26872}.Release|Any CPU.Build.0 = Release|Any CPU
	EndGlobalSection
	GlobalSection(SolutionProperties) = preSolution
		HideSolutionNode = FALSE
	EndGlobalSection
	GlobalSection(NestedProjects) = preSolution
		{5F3B7B91-8F58-4EB8-AB7E-578E5C4623C4} = {B62EBCF0-F3EE-49C4-BD1A-B03ABA9B6814}
		{CE9B3772-9DB0-4271-9B6B-1BA88D704078} = {B62EBCF0-F3EE-49C4-BD1A-B03ABA9B6814}
		{A91BE502-DA2D-4B17-9E97-3519795F818F} = {B62EBCF0-F3EE-49C4-BD1A-B03ABA9B6814}
		{FC0C7E02-7616-444A-87B3-F247944FE927} = {B62EBCF0-F3EE-49C4-BD1A-B03ABA9B6814}
		{00842AFD-487F-41A8-BC54-879C65A3EE75} = {B62EBCF0-F3EE-49C4-BD1A-B03ABA9B6814}
		{29308B1A-087C-41C5-80B7-A20590388399} = {B62EBCF0-F3EE-49C4-BD1A-B03ABA9B6814}
		{8AD4B57B-84AE-427F-A32A-A15AA857E152} = {B62EBCF0-F3EE-49C4-BD1A-B03ABA9B6814}
		{576AFED1-C3FC-4EFB-8E6B-2C7768FA0ABF} = {73C4EA67-F800-452F-A783-2D239EE5A9CD}
		{ACF24BDB-F4C2-4765-BE7F-87AB4E5DEDF4} = {73C4EA67-F800-452F-A783-2D239EE5A9CD}
		{2433E9D8-D406-434C-8B5C-67B9966CA20C} = {73C4EA67-F800-452F-A783-2D239EE5A9CD}
		{856041A5-4CB4-4F28-A15C-CD1557162BFA} = {73C4EA67-F800-452F-A783-2D239EE5A9CD}
		{C10502A6-0009-4983-9F5D-FDC0AF6F0F17} = {73C4EA67-F800-452F-A783-2D239EE5A9CD}
		{4EDAB4E1-B935-4CD0-ADCF-5AC7394CA322} = {73C4EA67-F800-452F-A783-2D239EE5A9CD}
		{15759237-B5E6-4043-9321-4312CD329C7F} = {73C4EA67-F800-452F-A783-2D239EE5A9CD}
		{4675BAF7-6E1E-48FA-9031-5969DDF6561B} = {73C4EA67-F800-452F-A783-2D239EE5A9CD}
		{E8C1054B-03FC-435E-A752-4B971CD2E8F8} = {83BE84FB-93C7-447C-95C7-7A1FE4D85456}
		{E0876630-FC19-4FE5-A1A2-0ED168F0B046} = {83BE84FB-93C7-447C-95C7-7A1FE4D85456}
		{DB14C988-5052-43C4-A701-5D97EEDAE586} = {83BE84FB-93C7-447C-95C7-7A1FE4D85456}
		{3CF59E7F-9CCC-44C3-9393-62BC48528E15} = {83BE84FB-93C7-447C-95C7-7A1FE4D85456}
		{8C5E7097-C232-4E1D-9CA0-95CCB84E70F6} = {83BE84FB-93C7-447C-95C7-7A1FE4D85456}
		{08CE43CA-6235-4441-B229-792D67ED0917} = {83BE84FB-93C7-447C-95C7-7A1FE4D85456}
		{80C25E52-943C-4145-A658-0890FAD50E9A} = {83BE84FB-93C7-447C-95C7-7A1FE4D85456}
		{FC455FE8-9954-4D52-9907-A6CC6D5F77F9} = {83BE84FB-93C7-447C-95C7-7A1FE4D85456}
		{49389B95-2CA3-431D-BE87-00E517B0042C} = {3483910B-E5ED-448E-B7F3-3DE7C8EC4292}
		{6CA3FD3D-659F-4A2F-8DE1-B791C790F66D} = {3483910B-E5ED-448E-B7F3-3DE7C8EC4292}
		{2E633873-501B-44A7-8E29-348B3282EF50} = {3483910B-E5ED-448E-B7F3-3DE7C8EC4292}
		{03A93E01-74E3-45D4-AC14-0B9A15BB76C7} = {3483910B-E5ED-448E-B7F3-3DE7C8EC4292}
		{B551A934-7F8E-4C2B-9CFC-CAF04C97F521} = {3483910B-E5ED-448E-B7F3-3DE7C8EC4292}
		{3E9F26C6-D8C3-4022-9B83-12B09F186D0A} = {3483910B-E5ED-448E-B7F3-3DE7C8EC4292}
		{C6FB092D-2251-4C22-9433-B5FB718CC675} = {3483910B-E5ED-448E-B7F3-3DE7C8EC4292}
		{9B13B308-1FA1-406C-A5DD-E0E254E96681} = {3483910B-E5ED-448E-B7F3-3DE7C8EC4292}
		{634B6229-7C68-4A7A-BD73-88F008E3D7BF} = {C5F0CC48-F750-422F-8545-6FB3EEF4ACEF}
		{074E84D5-73CA-4D78-A704-0AA8661AC668} = {C5F0CC48-F750-422F-8545-6FB3EEF4ACEF}
		{EEA775B7-42A5-4D13-B63C-57EDB6F8FB0F} = {C5F0CC48-F750-422F-8545-6FB3EEF4ACEF}
		{550B696A-1355-4B38-BFA3-5AC29E659088} = {C5F0CC48-F750-422F-8545-6FB3EEF4ACEF}
		{9F47225D-4A91-43B0-A36C-77E6FCA26872} = {C5F0CC48-F750-422F-8545-6FB3EEF4ACEF}
	EndGlobalSection
	GlobalSection(ExtensibilityGlobals) = postSolution
		SolutionGuid = {B58ECECC-2A0A-4625-8F8B-77ACE9F54D46}
	EndGlobalSection
EndGlobal
