
Microsoft Visual Studio Solution File, Format Version 12.00
# Visual Studio Version 17
VisualStudioVersion = 17.6.33815.320
MinimumVisualStudioVersion = 10.0.40219.1
Project("{9A19103F-16F7-4668-BE54-9A1E7A4F7556}") = "week1.Plus_Minus", "HackerRankSolutions\week1.Plus_Minus.csproj", "{5F3B7B91-8F58-4EB8-AB7E-578E5C4623C4}"
EndProject
Project("{2150E333-8FDC-42A3-9474-1A3956D46DE8}") = "week-one", "week-one", "{B62EBCF0-F3EE-49C4-BD1A-B03ABA9B6814}"
EndProject
Project("{9A19103F-16F7-4668-BE54-9A1E7A4F7556}") = "week1.Mini-Max Sum", "HackerRankSolutions.Mini-Max Sum\week1.Mini-Max Sum.csproj", "{CE9B3772-9DB0-4271-9B6B-1BA88D704078}"
EndProject
Project("{9A19103F-16F7-4668-BE54-9A1E7A4F7556}") = "week1.Time Conversion", "HackerRankSolutions.Time Conversion\week1.Time Conversion.csproj", "{A91BE502-DA2D-4B17-9E97-3519795F818F}"
EndProject
Project("{9A19103F-16F7-4668-BE54-9A1E7A4F7556}") = "week1.BreakingtheRecords", "HackerRankSolutions.Breaking the Records\week1.BreakingtheRecords.csproj", "{FC0C7E02-7616-444A-87B3-F247944FE927}"
EndProject
Project("{9A19103F-16F7-4668-BE54-9A1E7A4F7556}") = "week1.CamelCase4", "HackerRankSolutions.CamelCase4\week1.CamelCase4.csproj", "{00842AFD-487F-41A8-BC54-879C65A3EE75}"
EndProject
Project("{9A19103F-16F7-4668-BE54-9A1E7A4F7556}") = "week1.DivisibleSumPairs", "HackerRankSolutions.DivisibleSumPairs\week1.DivisibleSumPairs.csproj", "{29308B1A-087C-41C5-80B7-A20590388399}"
EndProject
Project("{9A19103F-16F7-4668-BE54-9A1E7A4F7556}") = "week1.SparseArrays", "HackerRankSolutions.SparseArrays\week1.SparseArrays.csproj", "{8AD4B57B-84AE-427F-A32A-A15AA857E152}"
EndProject
Project("{2150E333-8FDC-42A3-9474-1A3956D46DE8}") = "week-two", "week-two", "{73C4EA67-F800-452F-A783-2D239EE5A9CD}"
EndProject
Project("{9A19103F-16F7-4668-BE54-9A1E7A4F7556}") = "Week2.Lonely Integer", "Week2.Lonely Integer\Week2.Lonely Integer.csproj", "{576AFED1-C3FC-4EFB-8E6B-2C7768FA0ABF}"
EndProject
Project("{9A19103F-16F7-4668-BE54-9A1E7A4F7556}") = "Week2.GradingStudents", "Week2.GradingStudents\Week2.GradingStudents.csproj", "{ACF24BDB-F4C2-4765-BE7F-87AB4E5DEDF4}"
EndProject
Project("{9A19103F-16F7-4668-BE54-9A1E7A4F7556}") = "Week2.Flippingbits", "Week2.Flippingbits\Week2.Flippingbits.csproj", "{2433E9D8-D406-434C-8B5C-67B9966CA20C}"
EndProject
Project("{9A19103F-16F7-4668-BE54-9A1E7A4F7556}") = "Week2.DiagonalDifference", "Week2.DiagonalDifference\Week2.DiagonalDifference.csproj", "{856041A5-4CB4-4F28-A15C-CD1557162BFA}"
EndProject
Project("{FAE04EC0-301F-11D3-BF4B-00C04F79EFBC}") = "Week2.CountingSort1", "Week2.CountingSort1\Week2.CountingSort1.csproj", "{C10502A6-0009-4983-9F5D-FDC0AF6F0F17}"
EndProject
Project("{FAE04EC0-301F-11D3-BF4B-00C04F79EFBC}") = "Week2.CountingValleys", "Week2.CountingValleys\Week2.CountingValleys.csproj", "{4EDAB4E1-B935-4CD0-ADCF-5AC7394CA322}"
EndProject
Project("{FAE04EC0-301F-11D3-BF4B-00C04F79EFBC}") = "Week2.Pangrams", "Week2.Pangrams\Week2.Pangrams.csproj", "{15759237-B5E6-4043-9321-4312CD329C7F}"
EndProject
Global
	GlobalSection(SolutionConfigurationPlatforms) = preSolution
		Debug|Any CPU = Debug|Any CPU
		Release|Any CPU = Release|Any CPU
	EndGlobalSection
	GlobalSection(ProjectConfigurationPlatforms) = postSolution
		{5F3B7B91-8F58-4EB8-AB7E-578E5C4623C4}.Debug|Any CPU.ActiveCfg = Debug|Any CPU
		{5F3B7B91-8F58-4EB8-AB7E-578E5C4623C4}.Debug|Any CPU.Build.0 = Debug|Any CPU
		{5F3B7B91-8F58-4EB8-AB7E-578E5C4623C4}.Release|Any CPU.ActiveCfg = Release|Any CPU
		{5F3B7B91-8F58-4EB8-AB7E-578E5C4623C4}.Release|Any CPU.Build.0 = Release|Any CPU
		{CE9B3772-9DB0-4271-9B6B-1BA88D704078}.Debug|Any CPU.ActiveCfg = Debug|Any CPU
		{CE9B3772-9DB0-4271-9B6B-1BA88D704078}.Debug|Any CPU.Build.0 = Debug|Any CPU
		{CE9B3772-9DB0-4271-9B6B-1BA88D704078}.Release|Any CPU.ActiveCfg = Release|Any CPU
		{CE9B3772-9DB0-4271-9B6B-1BA88D704078}.Release|Any CPU.Build.0 = Release|Any CPU
		{A91BE502-DA2D-4B17-9E97-3519795F818F}.Debug|Any CPU.ActiveCfg = Debug|Any CPU
		{A91BE502-DA2D-4B17-9E97-3519795F818F}.Debug|Any CPU.Build.0 = Debug|Any CPU
		{A91BE502-DA2D-4B17-9E97-3519795F818F}.Release|Any CPU.ActiveCfg = Release|Any CPU
		{A91BE502-DA2D-4B17-9E97-3519795F818F}.Release|Any CPU.Build.0 = Release|Any CPU
		{FC0C7E02-7616-444A-87B3-F247944FE927}.Debug|Any CPU.ActiveCfg = Debug|Any CPU
		{FC0C7E02-7616-444A-87B3-F247944FE927}.Debug|Any CPU.Build.0 = Debug|Any CPU
		{FC0C7E02-7616-444A-87B3-F247944FE927}.Release|Any CPU.ActiveCfg = Release|Any CPU
		{FC0C7E02-7616-444A-87B3-F247944FE927}.Release|Any CPU.Build.0 = Release|Any CPU
		{00842AFD-487F-41A8-BC54-879C65A3EE75}.Debug|Any CPU.ActiveCfg = Debug|Any CPU
		{00842AFD-487F-41A8-BC54-879C65A3EE75}.Debug|Any CPU.Build.0 = Debug|Any CPU
		{00842AFD-487F-41A8-BC54-879C65A3EE75}.Release|Any CPU.ActiveCfg = Release|Any CPU
		{00842AFD-487F-41A8-BC54-879C65A3EE75}.Release|Any CPU.Build.0 = Release|Any CPU
		{29308B1A-087C-41C5-80B7-A20590388399}.Debug|Any CPU.ActiveCfg = Debug|Any CPU
		{29308B1A-087C-41C5-80B7-A20590388399}.Debug|Any CPU.Build.0 = Debug|Any CPU
		{29308B1A-087C-41C5-80B7-A20590388399}.Release|Any CPU.ActiveCfg = Release|Any CPU
		{29308B1A-087C-41C5-80B7-A20590388399}.Release|Any CPU.Build.0 = Release|Any CPU
		{8AD4B57B-84AE-427F-A32A-A15AA857E152}.Debug|Any CPU.ActiveCfg = Debug|Any CPU
		{8AD4B57B-84AE-427F-A32A-A15AA857E152}.Debug|Any CPU.Build.0 = Debug|Any CPU
		{8AD4B57B-84AE-427F-A32A-A15AA857E152}.Release|Any CPU.ActiveCfg = Release|Any CPU
		{8AD4B57B-84AE-427F-A32A-A15AA857E152}.Release|Any CPU.Build.0 = Release|Any CPU
		{576AFED1-C3FC-4EFB-8E6B-2C7768FA0ABF}.Debug|Any CPU.ActiveCfg = Debug|Any CPU
		{576AFED1-C3FC-4EFB-8E6B-2C7768FA0ABF}.Debug|Any CPU.Build.0 = Debug|Any CPU
		{576AFED1-C3FC-4EFB-8E6B-2C7768FA0ABF}.Release|Any CPU.ActiveCfg = Release|Any CPU
		{576AFED1-C3FC-4EFB-8E6B-2C7768FA0ABF}.Release|Any CPU.Build.0 = Release|Any CPU
		{ACF24BDB-F4C2-4765-BE7F-87AB4E5DEDF4}.Debug|Any CPU.ActiveCfg = Debug|Any CPU
		{ACF24BDB-F4C2-4765-BE7F-87AB4E5DEDF4}.Debug|Any CPU.Build.0 = Debug|Any CPU
		{ACF24BDB-F4C2-4765-BE7F-87AB4E5DEDF4}.Release|Any CPU.ActiveCfg = Release|Any CPU
		{ACF24BDB-F4C2-4765-BE7F-87AB4E5DEDF4}.Release|Any CPU.Build.0 = Release|Any CPU
		{2433E9D8-D406-434C-8B5C-67B9966CA20C}.Debug|Any CPU.ActiveCfg = Debug|Any CPU
		{2433E9D8-D406-434C-8B5C-67B9966CA20C}.Debug|Any CPU.Build.0 = Debug|Any CPU
		{2433E9D8-D406-434C-8B5C-67B9966CA20C}.Release|Any CPU.ActiveCfg = Release|Any CPU
		{2433E9D8-D406-434C-8B5C-67B9966CA20C}.Release|Any CPU.Build.0 = Release|Any CPU
		{856041A5-4CB4-4F28-A15C-CD1557162BFA}.Debug|Any CPU.ActiveCfg = Debug|Any CPU
		{856041A5-4CB4-4F28-A15C-CD1557162BFA}.Debug|Any CPU.Build.0 = Debug|Any CPU
		{856041A5-4CB4-4F28-A15C-CD1557162BFA}.Release|Any CPU.ActiveCfg = Release|Any CPU
		{856041A5-4CB4-4F28-A15C-CD1557162BFA}.Release|Any CPU.Build.0 = Release|Any CPU
		{C10502A6-0009-4983-9F5D-FDC0AF6F0F17}.Debug|Any CPU.ActiveCfg = Debug|Any CPU
		{C10502A6-0009-4983-9F5D-FDC0AF6F0F17}.Debug|Any CPU.Build.0 = Debug|Any CPU
		{C10502A6-0009-4983-9F5D-FDC0AF6F0F17}.Release|Any CPU.ActiveCfg = Release|Any CPU
		{C10502A6-0009-4983-9F5D-FDC0AF6F0F17}.Release|Any CPU.Build.0 = Release|Any CPU
		{4EDAB4E1-B935-4CD0-ADCF-5AC7394CA322}.Debug|Any CPU.ActiveCfg = Debug|Any CPU
		{4EDAB4E1-B935-4CD0-ADCF-5AC7394CA322}.Debug|Any CPU.Build.0 = Debug|Any CPU
		{4EDAB4E1-B935-4CD0-ADCF-5AC7394CA322}.Release|Any CPU.ActiveCfg = Release|Any CPU
		{4EDAB4E1-B935-4CD0-ADCF-5AC7394CA322}.Release|Any CPU.Build.0 = Release|Any CPU
		{15759237-B5E6-4043-9321-4312CD329C7F}.Debug|Any CPU.ActiveCfg = Debug|Any CPU
		{15759237-B5E6-4043-9321-4312CD329C7F}.Debug|Any CPU.Build.0 = Debug|Any CPU
		{15759237-B5E6-4043-9321-4312CD329C7F}.Release|Any CPU.ActiveCfg = Release|Any CPU
		{15759237-B5E6-4043-9321-4312CD329C7F}.Release|Any CPU.Build.0 = Release|Any CPU
	EndGlobalSection
	GlobalSection(SolutionProperties) = preSolution
		HideSolutionNode = FALSE
	EndGlobalSection
	GlobalSection(NestedProjects) = preSolution
		{5F3B7B91-8F58-4EB8-AB7E-578E5C4623C4} = {B62EBCF0-F3EE-49C4-BD1A-B03ABA9B6814}
		{CE9B3772-9DB0-4271-9B6B-1BA88D704078} = {B62EBCF0-F3EE-49C4-BD1A-B03ABA9B6814}
		{A91BE502-DA2D-4B17-9E97-3519795F818F} = {B62EBCF0-F3EE-49C4-BD1A-B03ABA9B6814}
		{FC0C7E02-7616-444A-87B3-F247944FE927} = {B62EBCF0-F3EE-49C4-BD1A-B03ABA9B6814}
		{00842AFD-487F-41A8-BC54-879C65A3EE75} = {B62EBCF0-F3EE-49C4-BD1A-B03ABA9B6814}
		{29308B1A-087C-41C5-80B7-A20590388399} = {B62EBCF0-F3EE-49C4-BD1A-B03ABA9B6814}
		{8AD4B57B-84AE-427F-A32A-A15AA857E152} = {B62EBCF0-F3EE-49C4-BD1A-B03ABA9B6814}
		{576AFED1-C3FC-4EFB-8E6B-2C7768FA0ABF} = {73C4EA67-F800-452F-A783-2D239EE5A9CD}
		{ACF24BDB-F4C2-4765-BE7F-87AB4E5DEDF4} = {73C4EA67-F800-452F-A783-2D239EE5A9CD}
		{2433E9D8-D406-434C-8B5C-67B9966CA20C} = {73C4EA67-F800-452F-A783-2D239EE5A9CD}
		{856041A5-4CB4-4F28-A15C-CD1557162BFA} = {73C4EA67-F800-452F-A783-2D239EE5A9CD}
		{C10502A6-0009-4983-9F5D-FDC0AF6F0F17} = {73C4EA67-F800-452F-A783-2D239EE5A9CD}
		{4EDAB4E1-B935-4CD0-ADCF-5AC7394CA322} = {73C4EA67-F800-452F-A783-2D239EE5A9CD}
		{15759237-B5E6-4043-9321-4312CD329C7F} = {73C4EA67-F800-452F-A783-2D239EE5A9CD}
	EndGlobalSection
	GlobalSection(ExtensibilityGlobals) = postSolution
		SolutionGuid = {B58ECECC-2A0A-4625-8F8B-77ACE9F54D46}
	EndGlobalSection
EndGlobal
