
Microsoft Visual Studio Solution File, Format Version 12.00
# Visual Studio Version 17
VisualStudioVersion = 17.6.33815.320
MinimumVisualStudioVersion = 10.0.40219.1
Project("{9A19103F-16F7-4668-BE54-9A1E7A4F7556}") = "HackerRankSolutions.Plus_Minus", "HackerRankSolutions\HackerRankSolutions.Plus_Minus.csproj", "{5F3B7B91-8F58-4EB8-AB7E-578E5C4623C4}"
EndProject
Project("{2150E333-8FDC-42A3-9474-1A3956D46DE8}") = "week-one", "week-one", "{B62EBCF0-F3EE-49C4-BD1A-B03ABA9B6814}"
EndProject
Project("{9A19103F-16F7-4668-BE54-9A1E7A4F7556}") = "HackerRankSolutions.Mini-Max Sum", "HackerRankSolutions.Mini-Max Sum\HackerRankSolutions.Mini-Max Sum.csproj", "{CE9B3772-9DB0-4271-9B6B-1BA88D704078}"
EndProject
Project("{9A19103F-16F7-4668-BE54-9A1E7A4F7556}") = "HackerRankSolutions.Time Conversion", "HackerRankSolutions.Time Conversion\HackerRankSolutions.Time Conversion.csproj", "{A91BE502-DA2D-4B17-9E97-3519795F818F}"
EndProject
Project("{9A19103F-16F7-4668-BE54-9A1E7A4F7556}") = "HackerRankSolutions.Breaking the Records", "HackerRankSolutions.Breaking the Records\HackerRankSolutions.Breaking the Records.csproj", "{FC0C7E02-7616-444A-87B3-F247944FE927}"
EndProject
Project("{9A19103F-16F7-4668-BE54-9A1E7A4F7556}") = "HackerRankSolutions.CamelCase4", "HackerRankSolutions.CamelCase4\HackerRankSolutions.CamelCase4.csproj", "{00842AFD-487F-41A8-BC54-879C65A3EE75}"
EndProject
Project("{9A19103F-16F7-4668-BE54-9A1E7A4F7556}") = "HackerRankSolutions.DivisibleSumPairs", "HackerRankSolutions.DivisibleSumPairs\HackerRankSolutions.DivisibleSumPairs.csproj", "{29308B1A-087C-41C5-80B7-A20590388399}"
EndProject
Project("{FAE04EC0-301F-11D3-BF4B-00C04F79EFBC}") = "HackerRankSolutions.SparseArrays", "HackerRankSolutions.SparseArrays\HackerRankSolutions.SparseArrays.csproj", "{8AD4B57B-84AE-427F-A32A-A15AA857E152}"
EndProject
Global
	GlobalSection(SolutionConfigurationPlatforms) = preSolution
		Debug|Any CPU = Debug|Any CPU
		Release|Any CPU = Release|Any CPU
	EndGlobalSection
	GlobalSection(ProjectConfigurationPlatforms) = postSolution
		{5F3B7B91-8F58-4EB8-AB7E-578E5C4623C4}.Debug|Any CPU.ActiveCfg = Debug|Any CPU
		{5F3B7B91-8F58-4EB8-AB7E-578E5C4623C4}.Debug|Any CPU.Build.0 = Debug|Any CPU
		{5F3B7B91-8F58-4EB8-AB7E-578E5C4623C4}.Release|Any CPU.ActiveCfg = Release|Any CPU
		{5F3B7B91-8F58-4EB8-AB7E-578E5C4623C4}.Release|Any CPU.Build.0 = Release|Any CPU
		{CE9B3772-9DB0-4271-9B6B-1BA88D704078}.Debug|Any CPU.ActiveCfg = Debug|Any CPU
		{CE9B3772-9DB0-4271-9B6B-1BA88D704078}.Debug|Any CPU.Build.0 = Debug|Any CPU
		{CE9B3772-9DB0-4271-9B6B-1BA88D704078}.Release|Any CPU.ActiveCfg = Release|Any CPU
		{CE9B3772-9DB0-4271-9B6B-1BA88D704078}.Release|Any CPU.Build.0 = Release|Any CPU
		{A91BE502-DA2D-4B17-9E97-3519795F818F}.Debug|Any CPU.ActiveCfg = Debug|Any CPU
		{A91BE502-DA2D-4B17-9E97-3519795F818F}.Debug|Any CPU.Build.0 = Debug|Any CPU
		{A91BE502-DA2D-4B17-9E97-3519795F818F}.Release|Any CPU.ActiveCfg = Release|Any CPU
		{A91BE502-DA2D-4B17-9E97-3519795F818F}.Release|Any CPU.Build.0 = Release|Any CPU
		{FC0C7E02-7616-444A-87B3-F247944FE927}.Debug|Any CPU.ActiveCfg = Debug|Any CPU
		{FC0C7E02-7616-444A-87B3-F247944FE927}.Debug|Any CPU.Build.0 = Debug|Any CPU
		{FC0C7E02-7616-444A-87B3-F247944FE927}.Release|Any CPU.ActiveCfg = Release|Any CPU
		{FC0C7E02-7616-444A-87B3-F247944FE927}.Release|Any CPU.Build.0 = Release|Any CPU
		{00842AFD-487F-41A8-BC54-879C65A3EE75}.Debug|Any CPU.ActiveCfg = Debug|Any CPU
		{00842AFD-487F-41A8-BC54-879C65A3EE75}.Debug|Any CPU.Build.0 = Debug|Any CPU
		{00842AFD-487F-41A8-BC54-879C65A3EE75}.Release|Any CPU.ActiveCfg = Release|Any CPU
		{00842AFD-487F-41A8-BC54-879C65A3EE75}.Release|Any CPU.Build.0 = Release|Any CPU
		{29308B1A-087C-41C5-80B7-A20590388399}.Debug|Any CPU.ActiveCfg = Debug|Any CPU
		{29308B1A-087C-41C5-80B7-A20590388399}.Debug|Any CPU.Build.0 = Debug|Any CPU
		{29308B1A-087C-41C5-80B7-A20590388399}.Release|Any CPU.ActiveCfg = Release|Any CPU
		{29308B1A-087C-41C5-80B7-A20590388399}.Release|Any CPU.Build.0 = Release|Any CPU
		{8AD4B57B-84AE-427F-A32A-A15AA857E152}.Debug|Any CPU.ActiveCfg = Debug|Any CPU
		{8AD4B57B-84AE-427F-A32A-A15AA857E152}.Debug|Any CPU.Build.0 = Debug|Any CPU
		{8AD4B57B-84AE-427F-A32A-A15AA857E152}.Release|Any CPU.ActiveCfg = Release|Any CPU
		{8AD4B57B-84AE-427F-A32A-A15AA857E152}.Release|Any CPU.Build.0 = Release|Any CPU
	EndGlobalSection
	GlobalSection(SolutionProperties) = preSolution
		HideSolutionNode = FALSE
	EndGlobalSection
	GlobalSection(NestedProjects) = preSolution
		{5F3B7B91-8F58-4EB8-AB7E-578E5C4623C4} = {B62EBCF0-F3EE-49C4-BD1A-B03ABA9B6814}
		{CE9B3772-9DB0-4271-9B6B-1BA88D704078} = {B62EBCF0-F3EE-49C4-BD1A-B03ABA9B6814}
		{A91BE502-DA2D-4B17-9E97-3519795F818F} = {B62EBCF0-F3EE-49C4-BD1A-B03ABA9B6814}
		{FC0C7E02-7616-444A-87B3-F247944FE927} = {B62EBCF0-F3EE-49C4-BD1A-B03ABA9B6814}
		{00842AFD-487F-41A8-BC54-879C65A3EE75} = {B62EBCF0-F3EE-49C4-BD1A-B03ABA9B6814}
		{29308B1A-087C-41C5-80B7-A20590388399} = {B62EBCF0-F3EE-49C4-BD1A-B03ABA9B6814}
		{8AD4B57B-84AE-427F-A32A-A15AA857E152} = {B62EBCF0-F3EE-49C4-BD1A-B03ABA9B6814}
	EndGlobalSection
	GlobalSection(ExtensibilityGlobals) = postSolution
		SolutionGuid = {B58ECECC-2A0A-4625-8F8B-77ACE9F54D46}
	EndGlobalSection
EndGlobal
